
Microsoft Visual Studio Solution File, Format Version 12.00
# Visual Studio Version 17
VisualStudioVersion = 17.13.35825.156 d17.13
MinimumVisualStudioVersion = 10.0.40219.1
Project("{FAE04EC0-301F-11D3-BF4B-00C04F79EFBC}") = "ConsoleApp1Hsn", "ConsoleApp1Hsn\ConsoleApp1Hsn.csproj", "{51F52F1F-A398-48F8-AF92-66EA97A68010}"
EndProject
Global
	GlobalSection(SolutionConfigurationPlatforms) = preSolution
		Debug|Any CPU = Debug|Any CPU
		Release|Any CPU = Release|Any CPU
	EndGlobalSection
	GlobalSection(ProjectConfigurationPlatforms) = postSolution
		{51F52F1F-A398-48F8-AF92-66EA97A68010}.Debug|Any CPU.ActiveCfg = Debug|Any CPU
		{51F52F1F-A398-48F8-AF92-66EA97A68010}.Debug|Any CPU.Build.0 = Debug|Any CPU
		{51F52F1F-A398-48F8-AF92-66EA97A68010}.Release|Any CPU.ActiveCfg = Release|Any CPU
		{51F52F1F-A398-48F8-AF92-66EA97A68010}.Release|Any CPU.Build.0 = Release|Any CPU
	EndGlobalSection
	GlobalSection(SolutionProperties) = preSolution
		HideSolutionNode = FALSE
	EndGlobalSection
	GlobalSection(ExtensibilityGlobals) = postSolution
		SolutionGuid = {AE74814B-C995-460E-B7EC-A4CD89A54515}
	EndGlobalSection
EndGlobal
